
Microsoft Visual Studio Solution File, Format Version 12.00
# Visual Studio Version 17
VisualStudioVersion = 17.8.34408.163
MinimumVisualStudioVersion = 10.0.40219.1
Project("{FAE04EC0-301F-11D3-BF4B-00C04F79EFBC}") = "Librerias - funciones matematicas", "Librerias - funciones matematicas.csproj", "{BC9136F9-D98B-4A98-B456-7A993105203C}"
EndProject
Global
	GlobalSection(SolutionConfigurationPlatforms) = preSolution
		Debug|Any CPU = Debug|Any CPU
		Release|Any CPU = Release|Any CPU
	EndGlobalSection
	GlobalSection(ProjectConfigurationPlatforms) = postSolution
		{BC9136F9-D98B-4A98-B456-7A993105203C}.Debug|Any CPU.ActiveCfg = Debug|Any CPU
		{BC9136F9-D98B-4A98-B456-7A993105203C}.Debug|Any CPU.Build.0 = Debug|Any CPU
		{BC9136F9-D98B-4A98-B456-7A993105203C}.Release|Any CPU.ActiveCfg = Release|Any CPU
		{BC9136F9-D98B-4A98-B456-7A993105203C}.Release|Any CPU.Build.0 = Release|Any CPU
	EndGlobalSection
	GlobalSection(SolutionProperties) = preSolution
		HideSolutionNode = FALSE
	EndGlobalSection
	GlobalSection(ExtensibilityGlobals) = postSolution
		SolutionGuid = {878CB1A7-1667-4BF7-B8DF-38F549AD587E}
	EndGlobalSection
EndGlobal
