
Microsoft Visual Studio Solution File, Format Version 12.00
# Visual Studio Version 17
VisualStudioVersion = 17.8.34408.163
MinimumVisualStudioVersion = 10.0.40219.1
Project("{FAE04EC0-301F-11D3-BF4B-00C04F79EFBC}") = "Factorial de un numero", "Factorial de un numero.csproj", "{B09C0C2F-A7CB-4B83-BAD8-F14F9D3026A1}"
EndProject
Global
	GlobalSection(SolutionConfigurationPlatforms) = preSolution
		Debug|Any CPU = Debug|Any CPU
		Release|Any CPU = Release|Any CPU
	EndGlobalSection
	GlobalSection(ProjectConfigurationPlatforms) = postSolution
		{B09C0C2F-A7CB-4B83-BAD8-F14F9D3026A1}.Debug|Any CPU.ActiveCfg = Debug|Any CPU
		{B09C0C2F-A7CB-4B83-BAD8-F14F9D3026A1}.Debug|Any CPU.Build.0 = Debug|Any CPU
		{B09C0C2F-A7CB-4B83-BAD8-F14F9D3026A1}.Release|Any CPU.ActiveCfg = Release|Any CPU
		{B09C0C2F-A7CB-4B83-BAD8-F14F9D3026A1}.Release|Any CPU.Build.0 = Release|Any CPU
	EndGlobalSection
	GlobalSection(SolutionProperties) = preSolution
		HideSolutionNode = FALSE
	EndGlobalSection
	GlobalSection(ExtensibilityGlobals) = postSolution
		SolutionGuid = {3A2CD980-5C50-4275-B632-1BFFDC7B73E3}
	EndGlobalSection
EndGlobal
