
Microsoft Visual Studio Solution File, Format Version 12.00
# Visual Studio Version 17
VisualStudioVersion = 17.8.34408.163
MinimumVisualStudioVersion = 10.0.40219.1
Project("{FAE04EC0-301F-11D3-BF4B-00C04F79EFBC}") = "Tipo de traingulo", "Tipo de traingulo.csproj", "{B4624EC4-7865-454F-8F50-C1FEA11E8770}"
EndProject
Global
	GlobalSection(SolutionConfigurationPlatforms) = preSolution
		Debug|Any CPU = Debug|Any CPU
		Release|Any CPU = Release|Any CPU
	EndGlobalSection
	GlobalSection(ProjectConfigurationPlatforms) = postSolution
		{B4624EC4-7865-454F-8F50-C1FEA11E8770}.Debug|Any CPU.ActiveCfg = Debug|Any CPU
		{B4624EC4-7865-454F-8F50-C1FEA11E8770}.Debug|Any CPU.Build.0 = Debug|Any CPU
		{B4624EC4-7865-454F-8F50-C1FEA11E8770}.Release|Any CPU.ActiveCfg = Release|Any CPU
		{B4624EC4-7865-454F-8F50-C1FEA11E8770}.Release|Any CPU.Build.0 = Release|Any CPU
	EndGlobalSection
	GlobalSection(SolutionProperties) = preSolution
		HideSolutionNode = FALSE
	EndGlobalSection
	GlobalSection(ExtensibilityGlobals) = postSolution
		SolutionGuid = {D5D9FA44-849B-4B36-BC53-0097AD1139F9}
	EndGlobalSection
EndGlobal
